lockfileVersion: '9.0'

settings:
  autoInstallPeers: true
  excludeLinksFromLockfile: false

importers:

  .:
    dependencies:
      '@radix-ui/react-checkbox':
        specifier: 1.3.7
        version: 1.3.7(@types/react@19.0.2)(react-dom@19.2.7(react@19.2.7))(react@19.2.7)
      '@radix-ui/react-radio-group':
        specifier: 1.3.8
        version: 1.3.8(@types/react@19.0.2)(react-dom@19.2.7(react@19.2.7))(react@19.2.7)
      '@radix-ui/react-slot':
        specifier: 1.2.4
        version: 1.2.4(@types/react@19.0.2)(react@19.2.7)
      class-variance-authority:
        specifier: 0.7.1
        version: 0.7.1
      clsx:
        specifier: 2.1.1
        version: 2.1.1
      tailwind-merge:
        specifier: 3.5.0
        version: 3.5.0
      tailwindcss:
        specifier: 4.2.2
        version: 4.2.2
    devDependencies:
      '@types/react':
        specifier: 19.0.2
        version: 19.0.2
      react:
        specifier: 19.2.7
        version: 19.2.7
      typescript:
        specifier: 7.0.2
        version: 7.0.2

packages:

  '@radix-ui/primitive@1.1.3':
    resolution: {integrity: sha512-JTF99U/6XIjCBo0wqkU5sK10glYe27MRRsfwoiq5zzOEZLHU3A3KCMa5X/azekYRCJ0HlwI0crAXS/5dEHTzDg==}

  '@radix-ui/primitive@1.1.5':
    resolution: {integrity: sha512-d86WIWFYNtGA0H/d8exstrTRTp7eWJYlYJbtNofxr/3ljupZYn6EFDG/Qgu/0Kc8v7yMUxySagqJsL1+PdYjWg==}

  '@radix-ui/react-checkbox@1.3.7':
    resolution: {integrity: sha512-JroKHfQBfh+fDuzpPsBC+pESkhuq8ql4hljTguz8MWnS35cISr3d/Jhl9kYrB44FlDtxCArYdDvTx+BSsJ64rQ==}
    peerDependencies:
      '@types/react': '*'
      '@types/react-dom': '*'
      react: ^16.8 || ^17.0 || ^18.0 || ^19.0 || ^19.0.0-rc
      react-dom: ^16.8 || ^17.0 || ^18.0 || ^19.0 || ^19.0.0-rc
    peerDependenciesMeta:
      '@types/react':
        optional: true
      '@types/react-dom':
        optional: true

  '@radix-ui/react-collection@1.1.7':
    resolution: {integrity: sha512-Fh9rGN0MoI4ZFUNyfFVNU4y9LUz93u9/0K+yLgA2bwRojxM8JU1DyvvMBabnZPBgMWREAJvU2jjVzq+LrFUglw==}
    peerDependencies:
      '@types/react': '*'
      '@types/react-dom': '*'
      react: ^16.8 || ^17.0 || ^18.0 || ^19.0 || ^19.0.0-rc
      react-dom: ^16.8 || ^17.0 || ^18.0 || ^19.0 || ^19.0.0-rc
    peerDependenciesMeta:
      '@types/react':
        optional: true
      '@types/react-dom':
        optional: true

  '@radix-ui/react-compose-refs@1.1.2':
    resolution: {integrity: sha512-z4eqJvfiNnFMHIIvXP3CY57y2WJs5g2v3X0zm9mEJkrkNv4rDxu+sg9Jh8EkXyeqBkB7SOcboo9dMVqhyrACIg==}
    peerDependencies:
      '@types/react': '*'
      react: ^16.8 || ^17.0 || ^18.0 || ^19.0 || ^19.0.0-rc
    peerDependenciesMeta:
      '@types/react':
        optional: true

  '@radix-ui/react-compose-refs@1.1.3':
    resolution: {integrity: sha512-rYOP8OMnuuPMQF1uhPVlGNcCDlkokKqGFE3JcxFViIkAXP7EvFWUliJAstrapypaBLJNHbZL6jGhbVDGTwmVhA==}
    peerDependencies:
      '@types/react': '*'
      react: ^16.8 || ^17.0 || ^18.0 || ^19.0 || ^19.0.0-rc
    peerDependenciesMeta:
      '@types/react':
        optional: true

  '@radix-ui/react-context@1.1.2':
    resolution: {integrity: sha512-jCi/QKUM2r1Ju5a3J64TH2A5SpKAgh0LpknyqdQ4m6DCV0xJ2HG1xARRwNGPQfi1SLdLWZ1OJz6F4OMBBNiGJA==}
    peerDependencies:
      '@types/react': '*'
      react: ^16.8 || ^17.0 || ^18.0 || ^19.0 || ^19.0.0-rc
    peerDependenciesMeta:
      '@types/react':
        optional: true

  '@radix-ui/react-context@1.2.0':
    resolution: {integrity: sha512-fOE+JtN9rygNZkCnHRBEP0TAvLldlhyOxMsbwFvTP4nAs+nBmfnna+o/Zski2wkmY1YMrFC0aSzsHoLY47iLrg==}
    peerDependencies:
      '@types/react': '*'
      react: ^16.8 || ^17.0 || ^18.0 || ^19.0 || ^19.0.0-rc
    peerDependenciesMeta:
      '@types/react':
        optional: true

  '@radix-ui/react-direction@1.1.1':
    resolution: {integrity: sha512-1UEWRX6jnOA2y4H5WczZ44gOOjTEmlqv1uNW4GAJEO5+bauCBhv8snY65Iw5/VOS/ghKN9gr2KjnLKxrsvoMVw==}
    peerDependencies:
      '@types/react': '*'
      react: ^16.8 || ^17.0 || ^18.0 || ^19.0 || ^19.0.0-rc
    peerDependenciesMeta:
      '@types/react':
        optional: true

  '@radix-ui/react-id@1.1.1':
    resolution: {integrity: sha512-kGkGegYIdQsOb4XjsfM97rXsiHaBwco+hFI66oO4s9LU+PLAC5oJ7khdOVFxkhsmlbpUqDAvXw11CluXP+jkHg==}
    peerDependencies:
      '@types/react': '*'
      react: ^16.8 || ^17.0 || ^18.0 || ^19.0 || ^19.0.0-rc
    peerDependenciesMeta:
      '@types/react':
        optional: true

  '@radix-ui/react-presence@1.1.5':
    resolution: {integrity: sha512-/jfEwNDdQVBCNvjkGit4h6pMOzq8bHkopq458dPt2lMjx+eBQUohZNG9A7DtO/O5ukSbxuaNGXMjHicgwy6rQQ==}
    peerDependencies:
      '@types/react': '*'
      '@types/react-dom': '*'
      react: ^16.8 || ^17.0 || ^18.0 || ^19.0 || ^19.0.0-rc
      react-dom: ^16.8 || ^17.0 || ^18.0 || ^19.0 || ^19.0.0-rc
    peerDependenciesMeta:
      '@types/react':
        optional: true
      '@types/react-dom':
        optional: true

  '@radix-ui/react-presence@1.1.7':
    resolution: {integrity: sha512-zBZ4QM5XG3JRanDmqXYf3MD6th4AFXFmgU6KNMFzUaV6F3uw9I5/zjMUvFriSEn5ewo1nxuibvyxJdmLlDcslA==}
    peerDependencies:
      '@types/react': '*'
      '@types/react-dom': '*'
      react: ^16.8 || ^17.0 || ^18.0 || ^19.0 || ^19.0.0-rc
      react-dom: ^16.8 || ^17.0 || ^18.0 || ^19.0 || ^19.0.0-rc
    peerDependenciesMeta:
      '@types/react':
        optional: true
      '@types/react-dom':
        optional: true

  '@radix-ui/react-primitive@2.1.3':
    resolution: {integrity: sha512-m9gTwRkhy2lvCPe6QJp4d3G1TYEUHn/FzJUtq9MjH46an1wJU+GdoGC5VLof8RX8Ft/DlpshApkhswDLZzHIcQ==}
    peerDependencies:
      '@types/react': '*'
      '@types/react-dom': '*'
      react: ^16.8 || ^17.0 || ^18.0 || ^19.0 || ^19.0.0-rc
      react-dom: ^16.8 || ^17.0 || ^18.0 || ^19.0 || ^19.0.0-rc
    peerDependenciesMeta:
      '@types/react':
        optional: true
      '@types/react-dom':
        optional: true

  '@radix-ui/react-primitive@2.1.7':
    resolution: {integrity: sha512-bC3NiwsprbxKjuon9l7X6BUTw7FPVzEYaL92MPEY5SCd/9hUTPXVFtVwRix7778wtRsVao+zE062gL79FZleeQ==}
    peerDependencies:
      '@types/react': '*'
      '@types/react-dom': '*'
      react: ^16.8 || ^17.0 || ^18.0 || ^19.0 || ^19.0.0-rc
      react-dom: ^16.8 || ^17.0 || ^18.0 || ^19.0 || ^19.0.0-rc
    peerDependenciesMeta:
      '@types/react':
        optional: true
      '@types/react-dom':
        optional: true

  '@radix-ui/react-radio-group@1.3.8':
    resolution: {integrity: sha512-VBKYIYImA5zsxACdisNQ3BjCBfmbGH3kQlnFVqlWU4tXwjy7cGX8ta80BcrO+WJXIn5iBylEH3K6ZTlee//lgQ==}
    peerDependencies:
      '@types/react': '*'
      '@types/react-dom': '*'
      react: ^16.8 || ^17.0 || ^18.0 || ^19.0 || ^19.0.0-rc
      react-dom: ^16.8 || ^17.0 || ^18.0 || ^19.0 || ^19.0.0-rc
    peerDependenciesMeta:
      '@types/react':
        optional: true
      '@types/react-dom':
        optional: true

  '@radix-ui/react-roving-focus@1.1.11':
    resolution: {integrity: sha512-7A6S9jSgm/S+7MdtNDSb+IU859vQqJ/QAtcYQcfFC6W8RS4IxIZDldLR0xqCFZ6DCyrQLjLPsxtTNch5jVA4lA==}
    peerDependencies:
      '@types/react': '*'
      '@types/react-dom': '*'
      react: ^16.8 || ^17.0 || ^18.0 || ^19.0 || ^19.0.0-rc
      react-dom: ^16.8 || ^17.0 || ^18.0 || ^19.0 || ^19.0.0-rc
    peerDependenciesMeta:
      '@types/react':
        optional: true
      '@types/react-dom':
        optional: true

  '@radix-ui/react-slot@1.2.3':
    resolution: {integrity: sha512-aeNmHnBxbi2St0au6VBVC7JXFlhLlOnvIIlePNniyUNAClzmtAUEY8/pBiK3iHjufOlwA+c20/8jngo7xcrg8A==}
    peerDependencies:
      '@types/react': '*'
      react: ^16.8 || ^17.0 || ^18.0 || ^19.0 || ^19.0.0-rc
    peerDependenciesMeta:
      '@types/react':
        optional: true

  '@radix-ui/react-slot@1.2.4':
    resolution: {integrity: sha512-Jl+bCv8HxKnlTLVrcDE8zTMJ09R9/ukw4qBs/oZClOfoQk/cOTbDn+NceXfV7j09YPVQUryJPHurafcSg6EVKA==}
    peerDependencies:
      '@types/react': '*'
      react: ^16.8 || ^17.0 || ^18.0 || ^19.0 || ^19.0.0-rc
    peerDependenciesMeta:
      '@types/react':
        optional: true

  '@radix-ui/react-slot@1.3.0':
    resolution: {integrity: sha512-MojKku4U/miO8Av4Dkb+ctMAQx7JmY96LmtDQlAarCRtd7rN52QCSzBF+XAvr5S6coSVj9HEPBgHAHKEJVk/WA==}
    peerDependencies:
      '@types/react': '*'
      react: ^16.8 || ^17.0 || ^18.0 || ^19.0 || ^19.0.0-rc
    peerDependenciesMeta:
      '@types/react':
        optional: true

  '@radix-ui/react-use-callback-ref@1.1.1':
    resolution: {integrity: sha512-FkBMwD+qbGQeMu1cOHnuGB6x4yzPjho8ap5WtbEJ26umhgqVXbhekKUQO+hZEL1vU92a3wHwdp0HAcqAUF5iDg==}
    peerDependencies:
      '@types/react': '*'
      react: ^16.8 || ^17.0 || ^18.0 || ^19.0 || ^19.0.0-rc
    peerDependenciesMeta:
      '@types/react':
        optional: true

  '@radix-ui/react-use-controllable-state@1.2.2':
    resolution: {integrity: sha512-BjasUjixPFdS+NKkypcyyN5Pmg83Olst0+c6vGov0diwTEo6mgdqVR6hxcEgFuh4QrAs7Rc+9KuGJ9TVCj0Zzg==}
    peerDependencies:
      '@types/react': '*'
      react: ^16.8 || ^17.0 || ^18.0 || ^19.0 || ^19.0.0-rc
    peerDependenciesMeta:
      '@types/react':
        optional: true

  '@radix-ui/react-use-controllable-state@1.2.3':
    resolution: {integrity: sha512-PLzC90MS+ReootmjC597dvopoelpZ8Q61HJkDXZSExitIq7PL55vHNnesAHwguHK0aPfBnpdNzQtv1uliaqQrA==}
    peerDependencies:
      '@types/react': '*'
      react: ^16.8 || ^17.0 || ^18.0 || ^19.0 || ^19.0.0-rc
    peerDependenciesMeta:
      '@types/react':
        optional: true

  '@radix-ui/react-use-effect-event@0.0.2':
    resolution: {integrity: sha512-Qp8WbZOBe+blgpuUT+lw2xheLP8q0oatc9UpmiemEICxGvFLYmHm9QowVZGHtJlGbS6A6yJ3iViad/2cVjnOiA==}
    peerDependencies:
      '@types/react': '*'
      react: ^16.8 || ^17.0 || ^18.0 || ^19.0 || ^19.0.0-rc
    peerDependenciesMeta:
      '@types/react':
        optional: true

  '@radix-ui/react-use-effect-event@0.0.3':
    resolution: {integrity: sha512-6c8ZqvPTWILEKnyVkP53EGRCcpnJiKTC21sS/6R1GF5xKyHJJWQEPfkqlcgUkdRQivd6tb23abUwe4ngWmY0JA==}
    peerDependencies:
      '@types/react': '*'
      react: ^16.8 || ^17.0 || ^18.0 || ^19.0 || ^19.0.0-rc
    peerDependenciesMeta:
      '@types/react':
        optional: true

  '@radix-ui/react-use-layout-effect@1.1.1':
    resolution: {integrity: sha512-RbJRS4UWQFkzHTTwVymMTUv8EqYhOp8dOOviLj2ugtTiXRaRQS7GLGxZTLL1jWhMeoSCf5zmcZkqTl9IiYfXcQ==}
    peerDependencies:
      '@types/react': '*'
      react: ^16.8 || ^17.0 || ^18.0 || ^19.0 || ^19.0.0-rc
    peerDependenciesMeta:
      '@types/react':
        optional: true

  '@radix-ui/react-use-layout-effect@1.1.2':
    resolution: {integrity: sha512-jrBWOxZITuGcnjRCM2t2U5ZPkCLxD+Ym6DjfssS5haTj2iiak/DOb64JeN6OdLfLgptb6/e2kKR+ZuTrGoZTPA==}
    peerDependencies:
      '@types/react': '*'
      react: ^16.8 || ^17.0 || ^18.0 || ^19.0 || ^19.0.0-rc
    peerDependenciesMeta:
      '@types/react':
        optional: true

  '@radix-ui/react-use-previous@1.1.1':
    resolution: {integrity: sha512-2dHfToCj/pzca2Ck724OZ5L0EVrr3eHRNsG/b3xQJLA2hZpVCS99bLAX+hm1IHXDEnzU6by5z/5MIY794/a8NQ==}
    peerDependencies:
      '@types/react': '*'
      react: ^16.8 || ^17.0 || ^18.0 || ^19.0 || ^19.0.0-rc
    peerDependenciesMeta:
      '@types/react':
        optional: true

  '@radix-ui/react-use-previous@1.1.2':
    resolution: {integrity: sha512-IGBQPtRFdhN6MQ8dbegVmBq1LVZluya3F1jWY+puIcQC3MHctRwTDSBWCkL/3ZcnMJLTMJ++Z+ktmvg0F89iCw==}
    peerDependencies:
      '@types/react': '*'
      react: ^16.8 || ^17.0 || ^18.0 || ^19.0 || ^19.0.0-rc
    peerDependenciesMeta:
      '@types/react':
        optional: true

  '@radix-ui/react-use-size@1.1.1':
    resolution: {integrity: sha512-ewrXRDTAqAXlkl6t/fkXWNAhFX9I+CkKlw6zjEwk86RSPKwZr3xpBRso655aqYafwtnbpHLj6toFzmd6xdVptQ==}
    peerDependencies:
      '@types/react': '*'
      react: ^16.8 || ^17.0 || ^18.0 || ^19.0 || ^19.0.0-rc
    peerDependenciesMeta:
      '@types/react':
        optional: true

  '@radix-ui/react-use-size@1.1.2':
    resolution: {integrity: sha512-giWQp+4mxjBPt4KZ0MmyuykFNWfbDxKt4x+fPkRYmgRFJSbCZFzUglvMb/Kjn38tm10YP4ufiQZDx3zna4LU6w==}
    peerDependencies:
      '@types/react': '*'
      react: ^16.8 || ^17.0 || ^18.0 || ^19.0 || ^19.0.0-rc
    peerDependenciesMeta:
      '@types/react':
        optional: true

  '@types/react@19.0.2':
    resolution: {integrity: sha512-USU8ZI/xyKJwFTpjSVIrSeHBVAGagkHQKPNbxeWwql/vDmnTIBgx+TJnhFnj1NXgz8XfprU0egV2dROLGpsBEg==}

  '@typescript/typescript-aix-ppc64@7.0.2':
    resolution: {integrity: sha512-MTKKkWB7p/0E9xi1d1tHtZ5PiLkGEMIq88pK2CubZjOsLtYTLqhgIgi6zepFa+9GHZ6h05NMCkQxGKiPXMxXtQ==}
    engines: {node: '>=16.20.0'}
    cpu: [ppc64]
    os: [aix]

  '@typescript/typescript-darwin-arm64@7.0.2':
    resolution: {integrity: sha512-gowzar9MwS/aRWp6f3a4KUqzRjAZjOsmGNCM6LcTgXum+dBfgsBVMN+AgvOCCbguXyick6LJhpBszxMebJ8syA==}
    engines: {node: '>=16.20.0'}
    cpu: [arm64]
    os: [darwin]

  '@typescript/typescript-darwin-x64@7.0.2':
    resolution: {integrity: sha512-SZ9xZInqApNlNGc9s0W1VSsktYSOe9cFqNOIqmN1Gs8SmkjKZYFt017G4VwPxASInODuAdbTW7sXiFUf893RgA==}
    engines: {node: '>=16.20.0'}
    cpu: [x64]
    os: [darwin]

  '@typescript/typescript-freebsd-arm64@7.0.2':
    resolution: {integrity: sha512-W5NH4y/J0plIIS5b2xvTEkU7JFxyqdMAOgf+Ilhl0vHQXKO5dZoxd+C/jEtq56c4F3wk71RB4BMRQ2XdI+bwYQ==}
    engines: {node: '>=16.20.0'}
    cpu: [arm64]
    os: [freebsd]

  '@typescript/typescript-freebsd-x64@7.0.2':
    resolution: {integrity: sha512-UMGDx5sTpzNw3WiPebH7l90IWfJggEd+egHt/q6p7/Cm3zqoV7VxkGXt+3DxPIw8CcmvAB0j3sVVfbhX+M4Tpw==}
    engines: {node: '>=16.20.0'}
    cpu: [x64]
    os: [freebsd]

  '@typescript/typescript-linux-arm64@7.0.2':
    resolution: {integrity: sha512-Qh4eU4/y3yDjnfjjyPYihMj5/ODIlmt+Bzu17OI+fiSRDW57QmU5SiN63exPRNJPKUzcc1INa1NXdrJ+MqHjUQ==}
    engines: {node: '>=16.20.0'}
    cpu: [arm64]
    os: [linux]

  '@typescript/typescript-linux-arm@7.0.2':
    resolution: {integrity: sha512-gffT3xPz9sR7j/YJExkyPntrI0P2EP9XbOyWzth2/Gs0RstK+90RBcO0ncXoXy/beYll1SXw846Nf2zdnEz0QQ==}
    engines: {node: '>=16.20.0'}
    cpu: [arm]
    os: [linux]

  '@typescript/typescript-linux-loong64@7.0.2':
    resolution: {integrity: sha512-uEHck9i8hoAzXPiYRib1O7miOnz23SxIeVl6F4LXox+qov1K35jHcEW6VHKvZI+pyvl7fZEP4MCU5LYvIq1GuQ==}
    engines: {node: '>=16.20.0'}
    cpu: [loong64]
    os: [linux]

  '@typescript/typescript-linux-mips64el@7.0.2':
    resolution: {integrity: sha512-R4KvAMnE43W5Qeqb0Ly56O3mWMWIAgsMyz36DCaycd5nbg/9kzm0liw3JocfRqyJY0KPmzFjbswozXyW0DnIYA==}
    engines: {node: '>=16.20.0'}
    cpu: [mips64el]
    os: [linux]

  '@typescript/typescript-linux-ppc64@7.0.2':
    resolution: {integrity: sha512-DORx5b3sd/4S7eayxm4FQv+A7CrkUIGRaHiwI8oiHTAI1fAPWhF4J0vAlkC8biAlHSVVwxMQ3tjZ2/DVbnQiiA==}
    engines: {node: '>=16.20.0'}
    cpu: [ppc64]
    os: [linux]

  '@typescript/typescript-linux-riscv64@7.0.2':
    resolution: {integrity: sha512-wf0jqEDOjrPRnKwYRyyJDRo11KMbvMFrU+q4zqKyChODBzvlkbhNQfKvLxQCcwTpdDaXSHZTVuh0JoCrKCUMHQ==}
    engines: {node: '>=16.20.0'}
    cpu: [riscv64]
    os: [linux]

  '@typescript/typescript-linux-s390x@7.0.2':
    resolution: {integrity: sha512-IkwJc3L7yhytWd/ewjyxNDfOmswCm9GWMJT/ue/dU4aZNbwZeYAetq42VyLmsmSjvoX7z74X6ZaYCtzAr0EuGw==}
    engines: {node: '>=16.20.0'}
    cpu: [s390x]
    os: [linux]

  '@typescript/typescript-linux-x64@7.0.2':
    resolution: {integrity: sha512-EYdf2cNg7rgCWJnxCdJ+F3V39O8ihb37eHAu1LK8oAFizgTQbPOK7zHHXbPt8rX24COqODXeI3sIf0fCXG7H/A==}
    engines: {node: '>=16.20.0'}
    cpu: [x64]
    os: [linux]

  '@typescript/typescript-netbsd-arm64@7.0.2':
    resolution: {integrity: sha512-+polYF4MF04aPpO5FTkHran9yUQDSXqy5GiSDKpsll5jy3l3+g9QLhpf39T+ePtefhXLOGrLl0QIjkQP6VnelA==}
    engines: {node: '>=16.20.0'}
    cpu: [arm64]
    os: [netbsd]

  '@typescript/typescript-netbsd-x64@7.0.2':
    resolution: {integrity: sha512-8YIT0EHM/3dq10ZOVF/A7pc/YSMtbcecct4rWtexrnSCHOPcpC2KTLXfTCR6vDpnSiY12heNb1GiN/wu+T/FyA==}
    engines: {node: '>=16.20.0'}
    cpu: [x64]
    os: [netbsd]

  '@typescript/typescript-openbsd-arm64@7.0.2':
    resolution: {integrity: sha512-APT8+ClYnuYm1u9+kgGXoMj2VzWzcymwh2gNSQVySHfkRDGOTVkoWLjCmOQSaO+PoqQ57B0flRp9SA+7GnnkzQ==}
    engines: {node: '>=16.20.0'}
    cpu: [arm64]
    os: [openbsd]

  '@typescript/typescript-openbsd-x64@7.0.2':
    resolution: {integrity: sha512-yX7s+Q0Dln0Dt9tEzZsAjXXR/+ytBM7AlglaqyeMPxQszJ1JhlJdZ6jLA+IzldHtflX81em7lDao1xXu+aRRkg==}
    engines: {node: '>=16.20.0'}
    cpu: [x64]
    os: [openbsd]

  '@typescript/typescript-sunos-x64@7.0.2':
    resolution: {integrity: sha512-dLJDGaLZ1D4HPQn62u1n8mBDkJREwMsAkCdkwd4Ieqw+x3TUyTsqY0YiBCtE6H6OzzgGk3iuZ3vFWRS+E8/d1g==}
    engines: {node: '>=16.20.0'}
    cpu: [x64]
    os: [sunos]

  '@typescript/typescript-win32-arm64@7.0.2':
    resolution: {integrity: sha512-Gyl1Vy6OsWesLzmq+EP0Fb7b4Nid5232AvcA2SFcdYreldpNtYFFofPjnt62y9hQy7VTaZp65ICJjuAQRaVcIQ==}
    engines: {node: '>=16.20.0'}
    cpu: [arm64]
    os: [win32]

  '@typescript/typescript-win32-x64@7.0.2':
    resolution: {integrity: sha512-0BQ3HkAHHlKLSp1qRvf3SUhGpGsDuhB/jgFw75guyqbxJqEaS0Cw/VFO8i2nHglJUzQCRtMMR/IBAKE3ETMC4g==}
    engines: {node: '>=16.20.0'}
    cpu: [x64]
    os: [win32]

  class-variance-authority@0.7.1:
    resolution: {integrity: sha512-Ka+9Trutv7G8M6WT6SeiRWz792K5qEqIGEGzXKhAE6xOWAY6pPH8U+9IY3oCMv6kqTmLsv7Xh/2w2RigkePMsg==}

  clsx@2.1.1:
    resolution: {integrity: sha512-eYm0QWBtUrBWZWG0d386OGAw16Z995PiOVo2B7bjWSbHedGl5e0ZWaq65kOGgUSNesEIDkB9ISbTg/JK9dhCZA==}
    engines: {node: '>=6'}

  csstype@3.2.3:
    resolution: {integrity: sha512-z1HGKcYy2xA8AGQfwrn0PAy+PB7X/GSj3UVJW9qKyn43xWa+gl5nXmU4qqLMRzWVLFC8KusUX8T/0kCiOYpAIQ==}

  react-dom@19.2.7:
    resolution: {integrity: sha512-t0BRVXvbiE/o20Hfw669rLbMCDWtYZLvmJigy2f0MxsXF+71pxhR3xOkspmsO8h3ZlNzyibAmtCa3l4lYKk6gQ==}
    peerDependencies:
      react: ^19.2.7

  react@19.2.7:
    resolution: {integrity: sha512-HNe9WslTbXmFK8o8cmwgAeJFSBvt1bPdHCVKtaaV+WlAN36mpT4hcRpwbf3fY56ar2oIXzsBpOAiIRHAdY0OlQ==}
    engines: {node: '>=0.10.0'}

  scheduler@0.27.0:
    resolution: {integrity: sha512-eNv+WrVbKu1f3vbYJT/xtiF5syA5HPIMtf9IgY/nKg0sWqzAUEvqY/xm7OcZc/qafLx/iO9FgOmeSAp4v5ti/Q==}

  tailwind-merge@3.5.0:
    resolution: {integrity: sha512-I8K9wewnVDkL1NTGoqWmVEIlUcB9gFriAEkXkfCjX5ib8ezGxtR3xD7iZIxrfArjEsH7F1CHD4RFUtxefdqV/A==}

  tailwindcss@4.2.2:
    resolution: {integrity: sha512-KWBIxs1Xb6NoLdMVqhbhgwZf2PGBpPEiwOqgI4pFIYbNTfBXiKYyWoTsXgBQ9WFg/OlhnvHaY+AEpW7wSmFo2Q==}

  typescript@7.0.2:
    resolution: {integrity: sha512-8FYau96o3NKOhbjKi/qNvG/W5jhzxkbdm5sj9AbZ/5T5sWqn3hJgLfGx27sRKZWTvyzCP8dLRBTf5tBTSRVUNA==}
    engines: {node: '>=16.20.0'}
    hasBin: true

snapshots:

  '@radix-ui/primitive@1.1.3': {}

  '@radix-ui/primitive@1.1.5': {}

  '@radix-ui/react-checkbox@1.3.7(@types/react@19.0.2)(react-dom@19.2.7(react@19.2.7))(react@19.2.7)':
    dependencies:
      '@radix-ui/primitive': 1.1.5
      '@radix-ui/react-compose-refs': 1.1.3(@types/react@19.0.2)(react@19.2.7)
      '@radix-ui/react-context': 1.2.0(@types/react@19.0.2)(react@19.2.7)
      '@radix-ui/react-presence': 1.1.7(@types/react@19.0.2)(react-dom@19.2.7(react@19.2.7))(react@19.2.7)
      '@radix-ui/react-primitive': 2.1.7(@types/react@19.0.2)(react-dom@19.2.7(react@19.2.7))(react@19.2.7)
      '@radix-ui/react-use-controllable-state': 1.2.3(@types/react@19.0.2)(react@19.2.7)
      '@radix-ui/react-use-previous': 1.1.2(@types/react@19.0.2)(react@19.2.7)
      '@radix-ui/react-use-size': 1.1.2(@types/react@19.0.2)(react@19.2.7)
      react: 19.2.7
      react-dom: 19.2.7(react@19.2.7)
    optionalDependencies:
      '@types/react': 19.0.2

  '@radix-ui/react-collection@1.1.7(@types/react@19.0.2)(react-dom@19.2.7(react@19.2.7))(react@19.2.7)':
    dependencies:
      '@radix-ui/react-compose-refs': 1.1.2(@types/react@19.0.2)(react@19.2.7)
      '@radix-ui/react-context': 1.1.2(@types/react@19.0.2)(react@19.2.7)
      '@radix-ui/react-primitive': 2.1.3(@types/react@19.0.2)(react-dom@19.2.7(react@19.2.7))(react@19.2.7)
      '@radix-ui/react-slot': 1.2.3(@types/react@19.0.2)(react@19.2.7)
      react: 19.2.7
      react-dom: 19.2.7(react@19.2.7)
    optionalDependencies:
      '@types/react': 19.0.2

  '@radix-ui/react-compose-refs@1.1.2(@types/react@19.0.2)(react@19.2.7)':
    dependencies:
      react: 19.2.7
    optionalDependencies:
      '@types/react': 19.0.2

  '@radix-ui/react-compose-refs@1.1.3(@types/react@19.0.2)(react@19.2.7)':
    dependencies:
      react: 19.2.7
    optionalDependencies:
      '@types/react': 19.0.2

  '@radix-ui/react-context@1.1.2(@types/react@19.0.2)(react@19.2.7)':
    dependencies:
      react: 19.2.7
    optionalDependencies:
      '@types/react': 19.0.2

  '@radix-ui/react-context@1.2.0(@types/react@19.0.2)(react@19.2.7)':
    dependencies:
      react: 19.2.7
    optionalDependencies:
      '@types/react': 19.0.2

  '@radix-ui/react-direction@1.1.1(@types/react@19.0.2)(react@19.2.7)':
    dependencies:
      react: 19.2.7
    optionalDependencies:
      '@types/react': 19.0.2

  '@radix-ui/react-id@1.1.1(@types/react@19.0.2)(react@19.2.7)':
    dependencies:
      '@radix-ui/react-use-layout-effect': 1.1.1(@types/react@19.0.2)(react@19.2.7)
      react: 19.2.7
    optionalDependencies:
      '@types/react': 19.0.2

  '@radix-ui/react-presence@1.1.5(@types/react@19.0.2)(react-dom@19.2.7(react@19.2.7))(react@19.2.7)':
    dependencies:
      '@radix-ui/react-compose-refs': 1.1.2(@types/react@19.0.2)(react@19.2.7)
      '@radix-ui/react-use-layout-effect': 1.1.1(@types/react@19.0.2)(react@19.2.7)
      react: 19.2.7
      react-dom: 19.2.7(react@19.2.7)
    optionalDependencies:
      '@types/react': 19.0.2

  '@radix-ui/react-presence@1.1.7(@types/react@19.0.2)(react-dom@19.2.7(react@19.2.7))(react@19.2.7)':
    dependencies:
      '@radix-ui/react-use-layout-effect': 1.1.2(@types/react@19.0.2)(react@19.2.7)
      react: 19.2.7
      react-dom: 19.2.7(react@19.2.7)
    optionalDependencies:
      '@types/react': 19.0.2

  '@radix-ui/react-primitive@2.1.3(@types/react@19.0.2)(react-dom@19.2.7(react@19.2.7))(react@19.2.7)':
    dependencies:
      '@radix-ui/react-slot': 1.2.3(@types/react@19.0.2)(react@19.2.7)
      react: 19.2.7
      react-dom: 19.2.7(react@19.2.7)
    optionalDependencies:
      '@types/react': 19.0.2

  '@radix-ui/react-primitive@2.1.7(@types/react@19.0.2)(react-dom@19.2.7(react@19.2.7))(react@19.2.7)':
    dependencies:
      '@radix-ui/react-slot': 1.3.0(@types/react@19.0.2)(react@19.2.7)
      react: 19.2.7
      react-dom: 19.2.7(react@19.2.7)
    optionalDependencies:
      '@types/react': 19.0.2

  '@radix-ui/react-radio-group@1.3.8(@types/react@19.0.2)(react-dom@19.2.7(react@19.2.7))(react@19.2.7)':
    dependencies:
      '@radix-ui/primitive': 1.1.3
      '@radix-ui/react-compose-refs': 1.1.2(@types/react@19.0.2)(react@19.2.7)
      '@radix-ui/react-context': 1.1.2(@types/react@19.0.2)(react@19.2.7)
      '@radix-ui/react-direction': 1.1.1(@types/react@19.0.2)(react@19.2.7)
      '@radix-ui/react-presence': 1.1.5(@types/react@19.0.2)(react-dom@19.2.7(react@19.2.7))(react@19.2.7)
      '@radix-ui/react-primitive': 2.1.3(@types/react@19.0.2)(react-dom@19.2.7(react@19.2.7))(react@19.2.7)
      '@radix-ui/react-roving-focus': 1.1.11(@types/react@19.0.2)(react-dom@19.2.7(react@19.2.7))(react@19.2.7)
      '@radix-ui/react-use-controllable-state': 1.2.2(@types/react@19.0.2)(react@19.2.7)
      '@radix-ui/react-use-previous': 1.1.1(@types/react@19.0.2)(react@19.2.7)
      '@radix-ui/react-use-size': 1.1.1(@types/react@19.0.2)(react@19.2.7)
      react: 19.2.7
      react-dom: 19.2.7(react@19.2.7)
    optionalDependencies:
      '@types/react': 19.0.2

  '@radix-ui/react-roving-focus@1.1.11(@types/react@19.0.2)(react-dom@19.2.7(react@19.2.7))(react@19.2.7)':
    dependencies:
      '@radix-ui/primitive': 1.1.3
      '@radix-ui/react-collection': 1.1.7(@types/react@19.0.2)(react-dom@19.2.7(react@19.2.7))(react@19.2.7)
      '@radix-ui/react-compose-refs': 1.1.2(@types/react@19.0.2)(react@19.2.7)
      '@radix-ui/react-context': 1.1.2(@types/react@19.0.2)(react@19.2.7)
      '@radix-ui/react-direction': 1.1.1(@types/react@19.0.2)(react@19.2.7)
      '@radix-ui/react-id': 1.1.1(@types/react@19.0.2)(react@19.2.7)
      '@radix-ui/react-primitive': 2.1.3(@types/react@19.0.2)(react-dom@19.2.7(react@19.2.7))(react@19.2.7)
      '@radix-ui/react-use-callback-ref': 1.1.1(@types/react@19.0.2)(react@19.2.7)
      '@radix-ui/react-use-controllable-state': 1.2.2(@types/react@19.0.2)(react@19.2.7)
      react: 19.2.7
      react-dom: 19.2.7(react@19.2.7)
    optionalDependencies:
      '@types/react': 19.0.2

  '@radix-ui/react-slot@1.2.3(@types/react@19.0.2)(react@19.2.7)':
    dependencies:
      '@radix-ui/react-compose-refs': 1.1.2(@types/react@19.0.2)(react@19.2.7)
      react: 19.2.7
    optionalDependencies:
      '@types/react': 19.0.2

  '@radix-ui/react-slot@1.2.4(@types/react@19.0.2)(react@19.2.7)':
    dependencies:
      '@radix-ui/react-compose-refs': 1.1.2(@types/react@19.0.2)(react@19.2.7)
      react: 19.2.7
    optionalDependencies:
      '@types/react': 19.0.2

  '@radix-ui/react-slot@1.3.0(@types/react@19.0.2)(react@19.2.7)':
    dependencies:
      '@radix-ui/react-compose-refs': 1.1.3(@types/react@19.0.2)(react@19.2.7)
      react: 19.2.7
    optionalDependencies:
      '@types/react': 19.0.2

  '@radix-ui/react-use-callback-ref@1.1.1(@types/react@19.0.2)(react@19.2.7)':
    dependencies:
      react: 19.2.7
    optionalDependencies:
      '@types/react': 19.0.2

  '@radix-ui/react-use-controllable-state@1.2.2(@types/react@19.0.2)(react@19.2.7)':
    dependencies:
      '@radix-ui/react-use-effect-event': 0.0.2(@types/react@19.0.2)(react@19.2.7)
      '@radix-ui/react-use-layout-effect': 1.1.1(@types/react@19.0.2)(react@19.2.7)
      react: 19.2.7
    optionalDependencies:
      '@types/react': 19.0.2

  '@radix-ui/react-use-controllable-state@1.2.3(@types/react@19.0.2)(react@19.2.7)':
    dependencies:
      '@radix-ui/react-use-effect-event': 0.0.3(@types/react@19.0.2)(react@19.2.7)
      '@radix-ui/react-use-layout-effect': 1.1.2(@types/react@19.0.2)(react@19.2.7)
      react: 19.2.7
    optionalDependencies:
      '@types/react': 19.0.2

  '@radix-ui/react-use-effect-event@0.0.2(@types/react@19.0.2)(react@19.2.7)':
    dependencies:
      '@radix-ui/react-use-layout-effect': 1.1.1(@types/react@19.0.2)(react@19.2.7)
      react: 19.2.7
    optionalDependencies:
      '@types/react': 19.0.2

  '@radix-ui/react-use-effect-event@0.0.3(@types/react@19.0.2)(react@19.2.7)':
    dependencies:
      '@radix-ui/react-use-layout-effect': 1.1.2(@types/react@19.0.2)(react@19.2.7)
      react: 19.2.7
    optionalDependencies:
      '@types/react': 19.0.2

  '@radix-ui/react-use-layout-effect@1.1.1(@types/react@19.0.2)(react@19.2.7)':
    dependencies:
      react: 19.2.7
    optionalDependencies:
      '@types/react': 19.0.2

  '@radix-ui/react-use-layout-effect@1.1.2(@types/react@19.0.2)(react@19.2.7)':
    dependencies:
      react: 19.2.7
    optionalDependencies:
      '@types/react': 19.0.2

  '@radix-ui/react-use-previous@1.1.1(@types/react@19.0.2)(react@19.2.7)':
    dependencies:
      react: 19.2.7
    optionalDependencies:
      '@types/react': 19.0.2

  '@radix-ui/react-use-previous@1.1.2(@types/react@19.0.2)(react@19.2.7)':
    dependencies:
      react: 19.2.7
    optionalDependencies:
      '@types/react': 19.0.2

  '@radix-ui/react-use-size@1.1.1(@types/react@19.0.2)(react@19.2.7)':
    dependencies:
      '@radix-ui/react-use-layout-effect': 1.1.1(@types/react@19.0.2)(react@19.2.7)
      react: 19.2.7
    optionalDependencies:
      '@types/react': 19.0.2

  '@radix-ui/react-use-size@1.1.2(@types/react@19.0.2)(react@19.2.7)':
    dependencies:
      '@radix-ui/react-use-layout-effect': 1.1.2(@types/react@19.0.2)(react@19.2.7)
      react: 19.2.7
    optionalDependencies:
      '@types/react': 19.0.2

  '@types/react@19.0.2':
    dependencies:
      csstype: 3.2.3

  '@typescript/typescript-aix-ppc64@7.0.2':
    optional: true

  '@typescript/typescript-darwin-arm64@7.0.2':
    optional: true

  '@typescript/typescript-darwin-x64@7.0.2':
    optional: true

  '@typescript/typescript-freebsd-arm64@7.0.2':
    optional: true

  '@typescript/typescript-freebsd-x64@7.0.2':
    optional: true

  '@typescript/typescript-linux-arm64@7.0.2':
    optional: true

  '@typescript/typescript-linux-arm@7.0.2':
    optional: true

  '@typescript/typescript-linux-loong64@7.0.2':
    optional: true

  '@typescript/typescript-linux-mips64el@7.0.2':
    optional: true

  '@typescript/typescript-linux-ppc64@7.0.2':
    optional: true

  '@typescript/typescript-linux-riscv64@7.0.2':
    optional: true

  '@typescript/typescript-linux-s390x@7.0.2':
    optional: true

  '@typescript/typescript-linux-x64@7.0.2':
    optional: true

  '@typescript/typescript-netbsd-arm64@7.0.2':
    optional: true

  '@typescript/typescript-netbsd-x64@7.0.2':
    optional: true

  '@typescript/typescript-openbsd-arm64@7.0.2':
    optional: true

  '@typescript/typescript-openbsd-x64@7.0.2':
    optional: true

  '@typescript/typescript-sunos-x64@7.0.2':
    optional: true

  '@typescript/typescript-win32-arm64@7.0.2':
    optional: true

  '@typescript/typescript-win32-x64@7.0.2':
    optional: true

  class-variance-authority@0.7.1:
    dependencies:
      clsx: 2.1.1

  clsx@2.1.1: {}

  csstype@3.2.3: {}

  react-dom@19.2.7(react@19.2.7):
    dependencies:
      react: 19.2.7
      scheduler: 0.27.0

  react@19.2.7: {}

  scheduler@0.27.0: {}

  tailwind-merge@3.5.0: {}

  tailwindcss@4.2.2: {}

  typescript@7.0.2:
    optionalDependencies:
      '@typescript/typescript-aix-ppc64': 7.0.2
      '@typescript/typescript-darwin-arm64': 7.0.2
      '@typescript/typescript-darwin-x64': 7.0.2
      '@typescript/typescript-freebsd-arm64': 7.0.2
      '@typescript/typescript-freebsd-x64': 7.0.2
      '@typescript/typescript-linux-arm': 7.0.2
      '@typescript/typescript-linux-arm64': 7.0.2
      '@typescript/typescript-linux-loong64': 7.0.2
      '@typescript/typescript-linux-mips64el': 7.0.2
      '@typescript/typescript-linux-ppc64': 7.0.2
      '@typescript/typescript-linux-riscv64': 7.0.2
      '@typescript/typescript-linux-s390x': 7.0.2
      '@typescript/typescript-linux-x64': 7.0.2
      '@typescript/typescript-netbsd-arm64': 7.0.2
      '@typescript/typescript-netbsd-x64': 7.0.2
      '@typescript/typescript-openbsd-arm64': 7.0.2
      '@typescript/typescript-openbsd-x64': 7.0.2
      '@typescript/typescript-sunos-x64': 7.0.2
      '@typescript/typescript-win32-arm64': 7.0.2
      '@typescript/typescript-win32-x64': 7.0.2
